
Microsoft Visual Studio Solution File, Format Version 12.00
# Visual Studio Version 17
VisualStudioVersion = 17.10.35122.118
MinimumVisualStudioVersion = 10.0.40219.1
Project("{FAE04EC0-301F-11D3-BF4B-00C04F79EFBC}") = "CalculatorWpfApp", "CalculatorWpfApp.csproj", "{2510A89D-89DE-47C9-9AF9-F98A2EC39EA8}"
EndProject
Global
	GlobalSection(SolutionConfigurationPlatforms) = preSolution
		Debug|Any CPU = Debug|Any CPU
		Release|Any CPU = Release|Any CPU
	EndGlobalSection
	GlobalSection(ProjectConfigurationPlatforms) = postSolution
		{2510A89D-89DE-47C9-9AF9-F98A2EC39EA8}.Debug|Any CPU.ActiveCfg = Debug|Any CPU
		{2510A89D-89DE-47C9-9AF9-F98A2EC39EA8}.Debug|Any CPU.Build.0 = Debug|Any CPU
		{2510A89D-89DE-47C9-9AF9-F98A2EC39EA8}.Release|Any CPU.ActiveCfg = Release|Any CPU
		{2510A89D-89DE-47C9-9AF9-F98A2EC39EA8}.Release|Any CPU.Build.0 = Release|Any CPU
	EndGlobalSection
	GlobalSection(SolutionProperties) = preSolution
		HideSolutionNode = FALSE
	EndGlobalSection
	GlobalSection(ExtensibilityGlobals) = postSolution
		SolutionGuid = {0AF99C0E-921B-4D94-88CB-09AF868ADA81}
	EndGlobalSection
EndGlobal
